// !$*UTF8*$!
{
	archiveVersion = 1;
	classes = {
	};
	objectVersion = 55;
	objects = {

/* Begin PBXBuildFile section */
		0E267EE3279062BE00BEA6FF /* Resalts.swift in Sources */ = {isa = PBXBuildFile; fileRef = 0E267EE2279062BE00BEA6FF /* Resalts.swift */; };
		0E4852C0278F014C0019AC91 /* SettingsViewController.swift in Sources */ = {isa = PBXBuildFile; fileRef = 0E4852BF278F014C0019AC91 /* SettingsViewController.swift */; };
		0E4852C2278F0EBF0019AC91 /* ResaltsViewController.swift in Sources */ = {isa = PBXBuildFile; fileRef = 0E4852C1278F0EBF0019AC91 /* ResaltsViewController.swift */; };
		0E9F8445278EBADB00031A61 /* AppDelegate.swift in Sources */ = {isa = PBXBuildFile; fileRef = 0E9F8444278EBADB00031A61 /* AppDelegate.swift */; };
		0E9F8447278EBADB00031A61 /* SceneDelegate.swift in Sources */ = {isa = PBXBuildFile; fileRef = 0E9F8446278EBADB00031A61 /* SceneDelegate.swift */; };
		0E9F8449278EBADB00031A61 /* MainViewController.swift in Sources */ = {isa = PBXBuildFile; fileRef = 0E9F8448278EBADB00031A61 /* MainViewController.swift */; };
		0E9F844C278EBADB00031A61 /* Main.storyboard in Resources */ = {isa = PBXBuildFile; fileRef = 0E9F844A278EBADB00031A61 /* Main.storyboard */; };
		0E9F844E278EBADC00031A61 /* Assets.xcassets in Resources */ = {isa = PBXBuildFile; fileRef = 0E9F844D278EBADC00031A61 /* Assets.xcassets */; };
		0E9F8451278EBADC00031A61 /* LaunchScreen.storyboard in Resources */ = {isa = PBXBuildFile; fileRef = 0E9F844F278EBADC00031A61 /* LaunchScreen.storyboard */; };
/* End PBXBuildFile section */

/* Begin PBXFileReference section */
		0E267EE2279062BE00BEA6FF /* Resalts.swift */ = {isa = PBXFileReference; lastKnownFileType = sourcecode.swift; path = Resalts.swift; sourceTree = "<group>"; };
		0E4852BF278F014C0019AC91 /* SettingsViewController.swift */ = {isa = PBXFileReference; lastKnownFileType = sourcecode.swift; path = SettingsViewController.swift; sourceTree = "<group>"; };
		0E4852C1278F0EBF0019AC91 /* ResaltsViewController.swift */ = {isa = PBXFileReference; lastKnownFileType = sourcecode.swift; path = ResaltsViewController.swift; sourceTree = "<group>"; };
		0E9F8441278EBADB00031A61 /* InvestorCalculator.app */ = {isa = PBXFileReference; explicitFileType = wrapper.application; includeInIndex = 0; path = InvestorCalculator.app; sourceTree = BUILT_PRODUCTS_DIR; };
		0E9F8444278EBADB00031A61 /* AppDelegate.swift */ = {isa = PBXFileReference; lastKnownFileType = sourcecode.swift; path = AppDelegate.swift; sourceTree = "<group>"; };
		0E9F8446278EBADB00031A61 /* SceneDelegate.swift */ = {isa = PBXFileReference; lastKnownFileType = sourcecode.swift; path = SceneDelegate.swift; sourceTree = "<group>"; };
		0E9F8448278EBADB00031A61 /* MainViewController.swift */ = {isa = PBXFileReference; lastKnownFileType = sourcecode.swift; path = MainViewController.swift; sourceTree = "<group>"; };
		0E9F844B278EBADB00031A61 /* Base */ = {isa = PBXFileReference; lastKnownFileType = file.storyboard; name = Base; path = Base.lproj/Main.storyboard; sourceTree = "<group>"; };
		0E9F844D278EBADC00031A61 /* Assets.xcassets */ = {isa = PBXFileReference; lastKnownFileType = folder.assetcatalog; path = Assets.xcassets; sourceTree = "<group>"; };
		0E9F8450278EBADC00031A61 /* Base */ = {isa = PBXFileReference; lastKnownFileType = file.storyboard; name = Base; path = Base.lproj/LaunchScreen.storyboard; sourceTree = "<group>"; };
		0E9F8452278EBADC00031A61 /* Info.plist */ = {isa = PBXFileReference; lastKnownFileType = text.plist.xml; path = Info.plist; sourceTree = "<group>"; };
/* End PBXFileReference section */

/* Begin PBXFrameworksBuildPhase section */
		0E9F843E278EBADB00031A61 /* Frameworks */ = {
			isa = PBXFrameworksBuildPhase;
			buildActionMask = 2147483647;
			files = (
			);
			runOnlyForDeploymentPostprocessing = 0;
		};
/* End PBXFrameworksBuildPhase section */

/* Begin PBXGroup section */
		0E267EE4279062C200BEA6FF /* Models */ = {
			isa = PBXGroup;
			children = (
				0E267EE2279062BE00BEA6FF /* Resalts.swift */,
			);
			path = Models;
			sourceTree = "<group>";
		};
		0E9F8438278EBADB00031A61 = {
			isa = PBXGroup;
			children = (
				0E9F8443278EBADB00031A61 /* InvestorCalculator */,
				0E9F8442278EBADB00031A61 /* Products */,
			);
			sourceTree = "<group>";
		};
		0E9F8442278EBADB00031A61 /* Products */ = {
			isa = PBXGroup;
			children = (
				0E9F8441278EBADB00031A61 /* InvestorCalculator.app */,
			);
			name = Products;
			sourceTree = "<group>";
		};
		0E9F8443278EBADB00031A61 /* InvestorCalculator */ = {
			isa = PBXGroup;
			children = (
				0E9F8444278EBADB00031A61 /* AppDelegate.swift */,
				0E9F8446278EBADB00031A61 /* SceneDelegate.swift */,
				0E267EE4279062C200BEA6FF /* Models */,
				0E9F8458278EE0E200031A61 /* Controllers */,
				0E9F844A278EBADB00031A61 /* Main.storyboard */,
				0E9F844D278EBADC00031A61 /* Assets.xcassets */,
				0E9F844F278EBADC00031A61 /* LaunchScreen.storyboard */,
				0E9F8452278EBADC00031A61 /* Info.plist */,
			);
			path = InvestorCalculator;
			sourceTree = "<group>";
		};
		0E9F8458278EE0E200031A61 /* Controllers */ = {
			isa = PBXGroup;
			children = (
				0E9F8448278EBADB00031A61 /* MainViewController.swift */,
				0E4852BF278F014C0019AC91 /* SettingsViewController.swift */,
				0E4852C1278F0EBF0019AC91 /* ResaltsViewController.swift */,
			);
			path = Controllers;
			sourceTree = "<group>";
		};
/* End PBXGroup section */

/* Begin PBXNativeTarget section */
		0E9F8440278EBADB00031A61 /* InvestorCalculator */ = {
			isa = PBXNativeTarget;
			buildConfigurationList = 0E9F8455278EBADC00031A61 /* Build configuration list for PBXNativeTarget "InvestorCalculator" */;
			buildPhases = (
				0E9F843D278EBADB00031A61 /* Sources */,
				0E9F843E278EBADB00031A61 /* Frameworks */,
				0E9F843F278EBADB00031A61 /* Resources */,
			);
			buildRules = (
			);
			dependencies = (
			);
			name = InvestorCalculator;
			productName = InvestorCalculator;
			productReference = 0E9F8441278EBADB00031A61 /* InvestorCalculator.app */;
			productType = "com.apple.product-type.application";
		};
/* End PBXNativeTarget section */

/* Begin PBXProject section */
		0E9F8439278EBADB00031A61 /* Project object */ = {
			isa = PBXProject;
			attributes = {
				BuildIndependentTargetsInParallel = 1;
				LastSwiftUpdateCheck = 1300;
				LastUpgradeCheck = 1300;
				TargetAttributes = {
					0E9F8440278EBADB00031A61 = {
						CreatedOnToolsVersion = 13.0;
					};
				};
			};
			buildConfigurationList = 0E9F843C278EBADB00031A61 /* Build configuration list for PBXProject "InvestorCalculator" */;
			compatibilityVersion = "Xcode 13.0";
			developmentRegion = en;
			hasScannedForEncodings = 0;
			knownRegions = (
				en,
				Base,
			);
			mainGroup = 0E9F8438278EBADB00031A61;
			productRefGroup = 0E9F8442278EBADB00031A61 /* Products */;
			projectDirPath = "";
			projectRoot = "";
			targets = (
				0E9F8440278EBADB00031A61 /* InvestorCalculator */,
			);
		};
/* End PBXProject section */

/* Begin PBXResourcesBuildPhase section */
		0E9F843F278EBADB00031A61 /* Resources */ = {
			isa = PBXResourcesBuildPhase;
			buildActionMask = 2147483647;
			files = (
				0E9F8451278EBADC00031A61 /* LaunchScreen.storyboard in Resources */,
				0E9F844E278EBADC00031A61 /* Assets.xcassets in Resources */,
				0E9F844C278EBADB00031A61 /* Main.storyboard in Resources */,
			);
			runOnlyForDeploymentPostprocessing = 0;
		};
/* End PBXResourcesBuildPhase section */

/* Begin PBXSourcesBuildPhase section */
		0E9F843D278EBADB00031A61 /* Sources */ = {
			isa = PBXSourcesBuildPhase;
			buildActionMask = 2147483647;
			files = (
				0E9F8449278EBADB00031A61 /* MainViewController.swift in Sources */,
				0E9F8445278EBADB00031A61 /* AppDelegate.swift in Sources */,
				0E9F8447278EBADB00031A61 /* SceneDelegate.swift in Sources */,
				0E4852C0278F014C0019AC91 /* SettingsViewController.swift in Sources */,
				0E267EE3279062BE00BEA6FF /* Resalts.swift in Sources */,
				0E4852C2278F0EBF0019AC91 /* ResaltsViewController.swift in Sources */,
			);
			runOnlyForDeploymentPostprocessing = 0;
		};
/* End PBXSourcesBuildPhase section */

/* Begin PBXVariantGroup section */
		0E9F844A278EBADB00031A61 /* Main.storyboard */ = {
			isa = PBXVariantGroup;
			children = (
				0E9F844B278EBADB00031A61 /* Base */,
			);
			name = Main.storyboard;
			sourceTree = "<group>";
		};
		0E9F844F278EBADC00031A61 /* LaunchScreen.storyboard */ = {
			isa = PBXVariantGroup;
			children = (
				0E9F8450278EBADC00031A61 /* Base */,
			);
			name = LaunchScreen.storyboard;
			sourceTree = "<group>";
		};
/* End PBXVariantGroup section */

/* Begin XCBuildConfiguration section */
		0E9F8453278EBADC00031A61 /* Debug */ = {
			isa = XCBuildConfiguration;
			buildSettings = {
				ALWAYS_SEARCH_USER_PATHS = NO;
				CLANG_ANALYZER_NONNULL = YES;
				CLANG_ANALYZER_NUMBER_OBJECT_CONVERSION = YES_AGGRESSIVE;
				CLANG_CXX_LANGUAGE_STANDARD = "gnu++17";
				CLANG_CXX_LIBRARY = "libc++";
				CLANG_ENABLE_MODULES = YES;
				CLANG_ENABLE_OBJC_ARC = YES;
				CLANG_ENABLE_OBJC_WEAK = YES;
				CLANG_WARN_BLOCK_CAPTURE_AUTORELEASING = YES;
				CLANG_WARN_BOOL_CONVERSION = YES;
				CLANG_WARN_COMMA = YES;
				CLANG_WARN_CONSTANT_CONVERSION = YES;
				CLANG_WARN_DEPRECATED_OBJC_IMPLEMENTATIONS = YES;
				CLANG_WARN_DIRECT_OBJC_ISA_USAGE = YES_ERROR;
				CLANG_WARN_DOCUMENTATION_COMMENTS = YES;
				CLANG_WARN_EMPTY_BODY = YES;
				CLANG_WARN_ENUM_CONVERSION = YES;
				CLANG_WARN_INFINITE_RECURSION = YES;
				CLANG_WARN_INT_CONVERSION = YES;
				CLANG_WARN_NON_LITERAL_NULL_CONVERSION = YES;
				CLANG_WARN_OBJC_IMPLICIT_RETAIN_SELF = YES;
				CLANG_WARN_OBJC_LITERAL_CONVERSION = YES;
				CLANG_WARN_OBJC_ROOT_CLASS = YES_ERROR;
				CLANG_WARN_QUOTED_INCLUDE_IN_FRAMEWORK_HEADER = YES;
				CLANG_WARN_RANGE_LOOP_ANALYSIS = YES;
				CLANG_WARN_STRICT_PROTOTYPES = YES;
				CLANG_WARN_SUSPICIOUS_MOVE = YES;
				CLANG_WARN_UNGUARDED_AVAILABILITY = YES_AGGRESSIVE;
				CLANG_WARN_UNREACHABLE_CODE = YES;
				CLANG_WARN__DUPLICATE_METHOD_MATCH = YES;
				COPY_PHASE_STRIP = NO;
				DEBUG_INFORMATION_FORMAT = dwarf;
				ENABLE_STRICT_OBJC_MSGSEND = YES;
				ENABLE_TESTABILITY = YES;
				GCC_C_LANGUAGE_STANDARD = gnu11;
				GCC_DYNAMIC_NO_PIC = NO;
				GCC_NO_COMMON_BLOCKS = YES;
				GCC_OPTIMIZATION_LEVEL = 0;
				GCC_PREPROCESSOR_DEFINITIONS = (
					"DEBUG=1",
					"$(inherited)",
				);
				GCC_WARN_64_TO_32_BIT_CONVERSION = YES;
				GCC_WARN_ABOUT_RETURN_TYPE = YES_ERROR;
				GCC_WARN_UNDECLARED_SELECTOR = YES;
				GCC_WARN_UNINITIALIZED_AUTOS = YES_AGGRESSIVE;
				GCC_WARN_UNUSED_FUNCTION = YES;
				GCC_WARN_UNUSED_VARIABLE = YES;
				IPHONEOS_DEPLOYMENT_TARGET = 15.0;
				MTL_ENABLE_DEBUG_INFO = INCLUDE_SOURCE;
				MTL_FAST_MATH = YES;
				ONLY_ACTIVE_ARCH = YES;
				SDKROOT = iphoneos;
				SWIFT_ACTIVE_COMPILATION_CONDITIONS = DEBUG;
				SWIFT_OPTIMIZATION_LEVEL = "-Onone";
			};
			name = Debug;
		};
		0E9F8454278EBADC00031A61 /* Release */ = {
			isa = XCBuildConfiguration;
			buildSettings = {
				ALWAYS_SEARCH_USER_PATHS = NO;
				CLANG_ANALYZER_NONNULL = YES;
				CLANG_ANALYZER_NUMBER_OBJECT_CONVERSION = YES_AGGRESSIVE;
				CLANG_CXX_LANGUAGE_STANDARD = "gnu++17";
				CLANG_CXX_LIBRARY = "libc++";
				CLANG_ENABLE_MODULES = YES;
				CLANG_ENABLE_OBJC_ARC = YES;
				CLANG_ENABLE_OBJC_WEAK = YES;
				CLANG_WARN_BLOCK_CAPTURE_AUTORELEASING = YES;
				CLANG_WARN_BOOL_CONVERSION = YES;
				CLANG_WARN_COMMA = YES;
				CLANG_WARN_CONSTANT_CONVERSION = YES;
				CLANG_WARN_DEPRECATED_OBJC_IMPLEMENTATIONS = YES;
				CLANG_WARN_DIRECT_OBJC_ISA_USAGE = YES_ERROR;
				CLANG_WARN_DOCUMENTATION_COMMENTS = YES;
				CLANG_WARN_EMPTY_BODY = YES;
				CLANG_WARN_ENUM_CONVERSION = YES;
				CLANG_WARN_INFINITE_RECURSION = YES;
				CLANG_WARN_INT_CONVERSION = YES;
				CLANG_WARN_NON_LITERAL_NULL_CONVERSION = YES;
				CLANG_WARN_OBJC_IMPLICIT_RETAIN_SELF = YES;
				CLANG_WARN_OBJC_LITERAL_CONVERSION = YES;
				CLANG_WARN_OBJC_ROOT_CLASS = YES_ERROR;
				CLANG_WARN_QUOTED_INCLUDE_IN_FRAMEWORK_HEADER = YES;
				CLANG_WARN_RANGE_LOOP_ANALYSIS = YES;
				CLANG_WARN_STRICT_PROTOTYPES = YES;
				CLANG_WARN_SUSPICIOUS_MOVE = YES;
				CLANG_WARN_UNGUARDED_AVAILABILITY = YES_AGGRESSIVE;
				CLANG_WARN_UNREACHABLE_CODE = YES;
				CLANG_WARN__DUPLICATE_METHOD_MATCH = YES;
				COPY_PHASE_STRIP = NO;
				DEBUG_INFORMATION_FORMAT = "dwarf-with-dsym";
				ENABLE_NS_ASSERTIONS = NO;
				ENABLE_STRICT_OBJC_MSGSEND = YES;
				GCC_C_LANGUAGE_STANDARD = gnu11;
				GCC_NO_COMMON_BLOCKS = YES;
				GCC_WARN_64_TO_32_BIT_CONVERSION = YES;
				GCC_WARN_ABOUT_RETURN_TYPE = YES_ERROR;
				GCC_WARN_UNDECLARED_SELECTOR = YES;
				GCC_WARN_UNINITIALIZED_AUTOS = YES_AGGRESSIVE;
				GCC_WARN_UNUSED_FUNCTION = YES;
				GCC_WARN_UNUSED_VARIABLE = YES;
				IPHONEOS_DEPLOYMENT_TARGET = 15.0;
				MTL_ENABLE_DEBUG_INFO = NO;
				MTL_FAST_MATH = YES;
				SDKROOT = iphoneos;
				SWIFT_COMPILATION_MODE = wholemodule;
				SWIFT_OPTIMIZATION_LEVEL = "-O";
				VALIDATE_PRODUCT = YES;
			};
			name = Release;
		};
		0E9F8456278EBADC00031A61 /* Debug */ = {
			isa = XCBuildConfiguration;
			buildSettings = {
				ASSETCATALOG_COMPILER_APPICON_NAME = AppIcon;
				ASSETCATALOG_COMPILER_GLOBAL_ACCENT_COLOR_NAME = AccentColor;
				CODE_SIGN_STYLE = Automatic;
				CURRENT_PROJECT_VERSION = 1;
				DEVELOPMENT_TEAM = 86SKTK882J;
				GENERATE_INFOPLIST_FILE = YES;
				INFOPLIST_FILE = InvestorCalculator/Info.plist;
				INFOPLIST_KEY_UIApplicationSupportsIndirectInputEvents = YES;
				INFOPLIST_KEY_UILaunchStoryboardName = LaunchScreen;
				INFOPLIST_KEY_UIMainStoryboardFile = Main;
				INFOPLIST_KEY_UISupportedInterfaceOrientations_iPad = "UIInterfaceOrientationPortrait UIInterfaceOrientationPortraitUpsideDown UIInterfaceOrientationLandscapeLeft UIInterfaceOrientationLandscapeRight";
				INFOPLIST_KEY_UISupportedInterfaceOrientations_iPhone = "UIInterfaceOrientationPortrait UIInterfaceOrientationLandscapeLeft UIInterfaceOrientationLandscapeRight";
				LD_RUNPATH_SEARCH_PATHS = (
					"$(inherited)",
					"@executable_path/Frameworks",
				);
				MARKETING_VERSION = 1.0;
				PRODUCT_BUNDLE_IDENTIFIER = "ugritchina-icloud.com.InvestorCalculator";
				PRODUCT_NAME = "$(TARGET_NAME)";
				SWIFT_EMIT_LOC_STRINGS = YES;
				SWIFT_VERSION = 5.0;
				TARGETED_DEVICE_FAMILY = "1,2";
			};
			name = Debug;
		};
		0E9F8457278EBADC00031A61 /* Release */ = {
			isa = XCBuildConfiguration;
			buildSettings = {
				ASSETCATALOG_COMPILER_APPICON_NAME = AppIcon;
				ASSETCATALOG_COMPILER_GLOBAL_ACCENT_COLOR_NAME = AccentColor;
				CODE_SIGN_STYLE = Automatic;
				CURRENT_PROJECT_VERSION = 1;
				DEVELOPMENT_TEAM = 86SKTK882J;
				GENERATE_INFOPLIST_FILE = YES;
				INFOPLIST_FILE = InvestorCalculator/Info.plist;
				INFOPLIST_KEY_UIApplicationSupportsIndirectInputEvents = YES;
				INFOPLIST_KEY_UILaunchStoryboardName = LaunchScreen;
				INFOPLIST_KEY_UIMainStoryboardFile = Main;
				INFOPLIST_KEY_UISupportedInterfaceOrientations_iPad = "UIInterfaceOrientationPortrait UIInterfaceOrientationPortraitUpsideDown UIInterfaceOrientationLandscapeLeft UIInterfaceOrientationLandscapeRight";
				INFOPLIST_KEY_UISupportedInterfaceOrientations_iPhone = "UIInterfaceOrientationPortrait UIInterfaceOrientationLandscapeLeft UIInterfaceOrientationLandscapeRight";
				LD_RUNPATH_SEARCH_PATHS = (
					"$(inherited)",
					"@executable_path/Frameworks",
				);
				MARKETING_VERSION = 1.0;
				PRODUCT_BUNDLE_IDENTIFIER = "ugritchina-icloud.com.InvestorCalculator";
				PRODUCT_NAME = "$(TARGET_NAME)";
				SWIFT_EMIT_LOC_STRINGS = YES;
				SWIFT_VERSION = 5.0;
				TARGETED_DEVICE_FAMILY = "1,2";
			};
			name = Release;
		};
/* End XCBuildConfiguration section */

/* Begin XCConfigurationList section */
		0E9F843C278EBADB00031A61 /* Build configuration list for PBXProject "InvestorCalculator" */ = {
			isa = XCConfigurationList;
			buildConfigurations = (
				0E9F8453278EBADC00031A61 /* Debug */,
				0E9F8454278EBADC00031A61 /* Release */,
			);
			defaultConfigurationIsVisible = 0;
			defaultConfigurationName = Release;
		};
		0E9F8455278EBADC00031A61 /* Build configuration list for PBXNativeTarget "InvestorCalculator" */ = {
			isa = XCConfigurationList;
			buildConfigurations = (
				0E9F8456278EBADC00031A61 /* Debug */,
				0E9F8457278EBADC00031A61 /* Release */,
			);
			defaultConfigurationIsVisible = 0;
			defaultConfigurationName = Release;
		};
/* End XCConfigurationList section */
	};
	rootObject = 0E9F8439278EBADB00031A61 /* Project object */;
}
